
Microsoft Visual Studio Solution File, Format Version 12.00
# Visual Studio Version 16
VisualStudioVersion = 16.0.810.16
MinimumVisualStudioVersion = 10.0.40219.1
Project("{FAE04EC0-301F-11D3-BF4B-00C04F79EFBC}") = "WriteJsonFromInput", "WriteJsonFromInput\WriteJsonFromInput.csproj", "{EBF52D2B-D523-462B-AB92-232C8FCBF554}"
EndProject
Global
	GlobalSection(SolutionConfigurationPlatforms) = preSolution
		Debug|Any CPU = Debug|Any CPU
		Release|Any CPU = Release|Any CPU
	EndGlobalSection
	GlobalSection(ProjectConfigurationPlatforms) = postSolution
		{EBF52D2B-D523-462B-AB92-232C8FCBF554}.Debug|Any CPU.ActiveCfg = Debug|Any CPU
		{EBF52D2B-D523-462B-AB92-232C8FCBF554}.Debug|Any CPU.Build.0 = Debug|Any CPU
		{EBF52D2B-D523-462B-AB92-232C8FCBF554}.Release|Any CPU.ActiveCfg = Release|Any CPU
		{EBF52D2B-D523-462B-AB92-232C8FCBF554}.Release|Any CPU.Build.0 = Release|Any CPU
	EndGlobalSection
	GlobalSection(SolutionProperties) = preSolution
		HideSolutionNode = FALSE
	EndGlobalSection
	GlobalSection(ExtensibilityGlobals) = postSolution
		SolutionGuid = {5663B0C2-D311-4357-A6AF-523324A26BC4}
	EndGlobalSection
EndGlobal
